{
  "name": "node-mysqldump-stream",
  "version": "1.0.0",
  "lockfileVersion": 1,
  "requires": true,
  "dependencies": {
    "mysqldump-stream": {
      "version": "1.0.1",
      "resolved": "https://registry.npmjs.org/mysqldump-stream/-/mysqldump-stream-1.0.1.tgz",
      "integrity": "sha1-94XG7CPqXP4yBjoFhGIqU5B9Xf8="
    }
  }
}
