{
	"name": "job-schedulers",
	"version": "0.1.0",
	"lockfileVersion": 1,
	"requires": true,
	"dependencies": {
		"async": {
			"version": "1.0.0",
			"resolved": "https://registry.npmjs.org/async/-/async-1.0.0.tgz",
			"integrity": "sha1-+PwEyjoTeErenhZBr5hXjPvWR6k="
		},
		"bignumber.js": {
			"version": "4.0.4",
			"resolved": "https://registry.npmjs.org/bignumber.js/-/bignumber.js-4.0.4.tgz",
			"integrity": "sha512-LDXpJKVzEx2/OqNbG9mXBNvHuiRL4PzHCGfnANHMJ+fv68Ads3exDVJeGDJws+AoNEuca93bU3q+S0woeUaCdg=="
		},
		"colors": {
			"version": "1.0.3",
			"resolved": "https://registry.npmjs.org/colors/-/colors-1.0.3.tgz",
			"integrity": "sha1-BDP0TYCWgP3rYO0mDxsMJi6CpAs="
		},
		"core-util-is": {
			"version": "1.0.2",
			"resolved": "https://registry.npmjs.org/core-util-is/-/core-util-is-1.0.2.tgz",
			"integrity": "sha1-tf1UIgqivFq1eqtxQMlAdUUDwac="
		},
		"cron-parser": {
			"version": "2.5.0",
			"resolved": "https://registry.npmjs.org/cron-parser/-/cron-parser-2.5.0.tgz",
			"integrity": "sha512-gzmXu16/prizIbKPPKJo+WgBpV7k8Rxxu9FgaANW+vx5DebCXavfRqbROjKkr9ETvVPqs+IO+NXj4GG/eLf8zQ==",
			"requires": {
				"is-nan": "1.2.1",
				"moment-timezone": "0.5.14"
			}
		},
		"cycle": {
			"version": "1.0.3",
			"resolved": "https://registry.npmjs.org/cycle/-/cycle-1.0.3.tgz",
			"integrity": "sha1-IegLK+hYD5i0aPN5QwZisEbDStI="
		},
		"dateformat": {
			"version": "2.0.0",
			"resolved": "https://registry.npmjs.org/dateformat/-/dateformat-2.0.0.tgz",
			"integrity": "sha1-J0Pjq7XD/CRi5SfcpEXgTp9N7hc="
		},
		"define-properties": {
			"version": "1.1.2",
			"resolved": "https://registry.npmjs.org/define-properties/-/define-properties-1.1.2.tgz",
			"integrity": "sha1-g6c/L+pWmJj7c3GTyPhzyvbUXJQ=",
			"requires": {
				"foreach": "2.0.5",
				"object-keys": "1.0.11"
			}
		},
		"eyes": {
			"version": "0.1.8",
			"resolved": "https://registry.npmjs.org/eyes/-/eyes-0.1.8.tgz",
			"integrity": "sha1-Ys8SAjTGg3hdkCNIqADvPgzCC8A="
		},
		"foreach": {
			"version": "2.0.5",
			"resolved": "https://registry.npmjs.org/foreach/-/foreach-2.0.5.tgz",
			"integrity": "sha1-C+4AUBiusmDQo6865ljdATbsG5k="
		},
		"httpntlm": {
			"version": "1.6.1",
			"resolved": "https://registry.npmjs.org/httpntlm/-/httpntlm-1.6.1.tgz",
			"integrity": "sha1-rQFScUOi6Hc8+uapb1hla7UqNLI=",
			"requires": {
				"httpreq": "0.4.24",
				"underscore": "1.7.0"
			}
		},
		"httpreq": {
			"version": "0.4.24",
			"resolved": "https://registry.npmjs.org/httpreq/-/httpreq-0.4.24.tgz",
			"integrity": "sha1-QzX/2CzZaWaKOUZckprGHWOTYn8="
		},
		"inherits": {
			"version": "2.0.3",
			"resolved": "https://registry.npmjs.org/inherits/-/inherits-2.0.3.tgz",
			"integrity": "sha1-Yzwsg+PaQqUC9SRmAiSA9CCCYd4="
		},
		"is-nan": {
			"version": "1.2.1",
			"resolved": "https://registry.npmjs.org/is-nan/-/is-nan-1.2.1.tgz",
			"integrity": "sha1-n69ltvttskt/XAYoR16nH5iEAeI=",
			"requires": {
				"define-properties": "1.1.2"
			}
		},
		"isarray": {
			"version": "1.0.0",
			"resolved": "https://registry.npmjs.org/isarray/-/isarray-1.0.0.tgz",
			"integrity": "sha1-u5NdSFgsuhaMBoNJV6VKPgcSTxE="
		},
		"isstream": {
			"version": "0.1.2",
			"resolved": "https://registry.npmjs.org/isstream/-/isstream-0.1.2.tgz",
			"integrity": "sha1-R+Y/evVa+m+S4VAOaQ64uFKcCZo="
		},
		"long-timeout": {
			"version": "0.1.1",
			"resolved": "https://registry.npmjs.org/long-timeout/-/long-timeout-0.1.1.tgz",
			"integrity": "sha1-lyHXiLR+C8taJMLivuGg2lXatRQ="
		},
		"minimist": {
			"version": "0.0.8",
			"resolved": "https://registry.npmjs.org/minimist/-/minimist-0.0.8.tgz",
			"integrity": "sha1-hX/Kv8M5fSYluCKCYuhqp6ARsF0="
		},
		"mkdirp": {
			"version": "0.5.1",
			"resolved": "https://registry.npmjs.org/mkdirp/-/mkdirp-0.5.1.tgz",
			"integrity": "sha1-MAV0OOrGz3+MR2fzhkjWaX11yQM=",
			"requires": {
				"minimist": "0.0.8"
			}
		},
		"moment": {
			"version": "2.22.1",
			"resolved": "https://registry.npmjs.org/moment/-/moment-2.22.1.tgz",
			"integrity": "sha512-shJkRTSebXvsVqk56I+lkb2latjBs8I+pc2TzWc545y2iFnSjm7Wg0QMh+ZWcdSLQyGEau5jI8ocnmkyTgr9YQ=="
		},
		"moment-timezone": {
			"version": "0.5.14",
			"resolved": "https://registry.npmjs.org/moment-timezone/-/moment-timezone-0.5.14.tgz",
			"integrity": "sha1-TrOP+VOLgBCLpGekWPPtQmjM/LE=",
			"requires": {
				"moment": "2.22.1"
			}
		},
		"mysql": {
			"version": "2.15.0",
			"resolved": "https://registry.npmjs.org/mysql/-/mysql-2.15.0.tgz",
			"integrity": "sha512-C7tjzWtbN5nzkLIV+E8Crnl9bFyc7d3XJcBAvHKEVkjrYjogz3llo22q6s/hw+UcsE4/844pDob9ac+3dVjQSA==",
			"requires": {
				"bignumber.js": "4.0.4",
				"readable-stream": "2.3.3",
				"safe-buffer": "5.1.1",
				"sqlstring": "2.3.0"
			}
		},
		"node-schedule": {
			"version": "1.3.0",
			"resolved": "https://registry.npmjs.org/node-schedule/-/node-schedule-1.3.0.tgz",
			"integrity": "sha512-NNwO9SUPjBwFmPh3vXiPVEhJLn4uqYmZYvJV358SRGM06BR4UoIqxJpeJwDDXB6atULsgQA97MfD1zMd5xsu+A==",
			"requires": {
				"cron-parser": "2.5.0",
				"long-timeout": "0.1.1",
				"sorted-array-functions": "1.1.0"
			}
		},
		"nodemailer": {
			"version": "4.6.4",
			"resolved": "https://registry.npmjs.org/nodemailer/-/nodemailer-4.6.4.tgz",
			"integrity": "sha512-SD4uuX7NMzZ5f5m1XHDd13J4UC3SmdJk8DsmU1g6Nrs5h3x9LcXr6EBPZIqXRJ3LrF7RdklzGhZRF/TuylTcLg=="
		},
		"nodemailer-fetch": {
			"version": "1.6.0",
			"resolved": "https://registry.npmjs.org/nodemailer-fetch/-/nodemailer-fetch-1.6.0.tgz",
			"integrity": "sha1-ecSQihwPXzdbc/6IjamCj23JY6Q="
		},
		"nodemailer-shared": {
			"version": "1.1.0",
			"resolved": "https://registry.npmjs.org/nodemailer-shared/-/nodemailer-shared-1.1.0.tgz",
			"integrity": "sha1-z1mU4v0mjQD1zw+nZ6CBae2wfsA=",
			"requires": {
				"nodemailer-fetch": "1.6.0"
			}
		},
		"nodemailer-smtp-transport": {
			"version": "2.7.4",
			"resolved": "https://registry.npmjs.org/nodemailer-smtp-transport/-/nodemailer-smtp-transport-2.7.4.tgz",
			"integrity": "sha1-DYmvAZoUSkgP2OzJmZfZ+DjxNoU=",
			"requires": {
				"nodemailer-shared": "1.1.0",
				"nodemailer-wellknown": "0.1.10",
				"smtp-connection": "2.12.0"
			}
		},
		"nodemailer-wellknown": {
			"version": "0.1.10",
			"resolved": "https://registry.npmjs.org/nodemailer-wellknown/-/nodemailer-wellknown-0.1.10.tgz",
			"integrity": "sha1-WG24EB2zDLRDjrVGc3pBqtDPE9U="
		},
		"object-keys": {
			"version": "1.0.11",
			"resolved": "https://registry.npmjs.org/object-keys/-/object-keys-1.0.11.tgz",
			"integrity": "sha1-xUYBd4rVYPEULODgG8yotW0TQm0="
		},
		"path": {
			"version": "0.12.7",
			"resolved": "https://registry.npmjs.org/path/-/path-0.12.7.tgz",
			"integrity": "sha1-1NwqUGxM4hl+tIHr/NWzbAFAsQ8=",
			"requires": {
				"process": "0.11.10",
				"util": "0.10.3"
			}
		},
		"process": {
			"version": "0.11.10",
			"resolved": "https://registry.npmjs.org/process/-/process-0.11.10.tgz",
			"integrity": "sha1-czIwDoQBYb2j5podHZGn1LwW8YI="
		},
		"process-nextick-args": {
			"version": "1.0.7",
			"resolved": "https://registry.npmjs.org/process-nextick-args/-/process-nextick-args-1.0.7.tgz",
			"integrity": "sha1-FQ4gt1ZZCtP5EJPyWk8q2L/zC6M="
		},
		"readable-stream": {
			"version": "2.3.3",
			"resolved": "https://registry.npmjs.org/readable-stream/-/readable-stream-2.3.3.tgz",
			"integrity": "sha512-m+qzzcn7KUxEmd1gMbchF+Y2eIUbieUaxkWtptyHywrX0rE8QEYqPC07Vuy4Wm32/xE16NcdBctb8S0Xe/5IeQ==",
			"requires": {
				"core-util-is": "1.0.2",
				"inherits": "2.0.3",
				"isarray": "1.0.0",
				"process-nextick-args": "1.0.7",
				"safe-buffer": "5.1.1",
				"string_decoder": "1.0.3",
				"util-deprecate": "1.0.2"
			}
		},
		"safe-buffer": {
			"version": "5.1.1",
			"resolved": "https://registry.npmjs.org/safe-buffer/-/safe-buffer-5.1.1.tgz",
			"integrity": "sha512-kKvNJn6Mm93gAczWVJg7wH+wGYWNrDHdWvpUmHyEsgCtIwwo3bqPtV4tR5tuPaUhTOo/kvhVwd8XwwOllGYkbg=="
		},
		"smtp-connection": {
			"version": "2.12.0",
			"resolved": "https://registry.npmjs.org/smtp-connection/-/smtp-connection-2.12.0.tgz",
			"integrity": "sha1-1275EnyyPCJZ7bHoNJwujV4tdME=",
			"requires": {
				"httpntlm": "1.6.1",
				"nodemailer-shared": "1.1.0"
			}
		},
		"sorted-array-functions": {
			"version": "1.1.0",
			"resolved": "https://registry.npmjs.org/sorted-array-functions/-/sorted-array-functions-1.1.0.tgz",
			"integrity": "sha512-zq6fLdGQixb9VZfT/tLgU+LzoedJyTbcf1I/TKETFeUVoWIfcs5HNr+SJSvQJLXRlEZjB1gpILTrxamxAdCcgA=="
		},
		"sqlstring": {
			"version": "2.3.0",
			"resolved": "https://registry.npmjs.org/sqlstring/-/sqlstring-2.3.0.tgz",
			"integrity": "sha1-UluKT9Jtb3GqYegipsr5dtMa0qg="
		},
		"stack-trace": {
			"version": "0.0.10",
			"resolved": "https://registry.npmjs.org/stack-trace/-/stack-trace-0.0.10.tgz",
			"integrity": "sha1-VHxws0fo0ytOEI6hoqFZ5f3eGcA="
		},
		"string_decoder": {
			"version": "1.0.3",
			"resolved": "https://registry.npmjs.org/string_decoder/-/string_decoder-1.0.3.tgz",
			"integrity": "sha512-4AH6Z5fzNNBcH+6XDMfA/BTt87skxqJlO0lAh3Dker5zThcAxG6mKz+iGu308UKoPPQ8Dcqx/4JhujzltRa+hQ==",
			"requires": {
				"safe-buffer": "5.1.1"
			}
		},
		"underscore": {
			"version": "1.7.0",
			"resolved": "https://registry.npmjs.org/underscore/-/underscore-1.7.0.tgz",
			"integrity": "sha1-a7rwh3UA02vjTsqlhODbn+8DUgk="
		},
		"util": {
			"version": "0.10.3",
			"resolved": "https://registry.npmjs.org/util/-/util-0.10.3.tgz",
			"integrity": "sha1-evsa/lCAUkZInj23/g7TeTNqwPk=",
			"requires": {
				"inherits": "2.0.1"
			},
			"dependencies": {
				"inherits": {
					"version": "2.0.1",
					"resolved": "https://registry.npmjs.org/inherits/-/inherits-2.0.1.tgz",
					"integrity": "sha1-sX0I0ya0Qj5Wjv9xn5GwscvfafE="
				}
			}
		},
		"util-deprecate": {
			"version": "1.0.2",
			"resolved": "https://registry.npmjs.org/util-deprecate/-/util-deprecate-1.0.2.tgz",
			"integrity": "sha1-RQ1Nyfpw3nMnYvvS1KKJgUGaDM8="
		},
		"winston": {
			"version": "2.3.1",
			"resolved": "https://registry.npmjs.org/winston/-/winston-2.3.1.tgz",
			"integrity": "sha1-C0hCDZeMAYBM8CMLZIhhWYIloRk=",
			"requires": {
				"async": "1.0.0",
				"colors": "1.0.3",
				"cycle": "1.0.3",
				"eyes": "0.1.8",
				"isstream": "0.1.2",
				"stack-trace": "0.0.10"
			}
		},
		"winston-daily-rotate-file": {
			"version": "1.7.2",
			"resolved": "https://registry.npmjs.org/winston-daily-rotate-file/-/winston-daily-rotate-file-1.7.2.tgz",
			"integrity": "sha1-ZQK/opeCT9mC2l5WR8dThXjS+aA=",
			"requires": {
				"mkdirp": "0.5.1"
			}
		}
	}
}
